
Microsoft Visual Studio Solution File, Format Version 12.00
# Visual Studio 15
VisualStudioVersion = 15.0.28307.489
MinimumVisualStudioVersion = 10.0.40219.1
Project("{E24C65DC-7377-472B-9ABA-BC803B73C61A}") = "GEMSTARWebDemo", "GEMSTARWebDemo\", "{8D1B8312-A911-4793-84FA-2545A0C45D54}"
	ProjectSection(WebsiteProperties) = preProject
		TargetFrameworkMoniker = ".NETFramework,Version%3Dv4.5"
		Debug.AspNetCompiler.VirtualPath = "/localhost_51694"
		Debug.AspNetCompiler.PhysicalPath = "GEMSTARWebDemo\"
		Debug.AspNetCompiler.TargetPath = "PrecompiledWeb\localhost_51694\"
		Debug.AspNetCompiler.Updateable = "true"
		Debug.AspNetCompiler.ForceOverwrite = "true"
		Debug.AspNetCompiler.FixedNames = "false"
		Debug.AspNetCompiler.Debug = "True"
		Release.AspNetCompiler.VirtualPath = "/localhost_51694"
		Release.AspNetCompiler.PhysicalPath = "GEMSTARWebDemo\"
		Release.AspNetCompiler.TargetPath = "PrecompiledWeb\localhost_51694\"
		Release.AspNetCompiler.Updateable = "true"
		Release.AspNetCompiler.ForceOverwrite = "true"
		Release.AspNetCompiler.FixedNames = "false"
		Release.AspNetCompiler.Debug = "False"
		VWDPort = "51694"
		SlnRelativePath = "GEMSTARWebDemo\"
		DefaultWebSiteLanguage = "Visual C#"
	EndProjectSection
EndProject
Project("{FAE04EC0-301F-11D3-BF4B-00C04F79EFBC}") = "ConsoleApp1", "ConsoleApp1\ConsoleApp1.csproj", "{2768454E-D1C0-4B1D-A103-C7117A5D24F4}"
EndProject
Project("{9092AA53-FB77-4645-B42D-1CCCA6BD08BD}") = "VuejsApp", "VuejsApp\VuejsApp.njsproj", "{C7C41D25-3F25-44BA-8FD4-0B7F113BBD96}"
EndProject
Global
	GlobalSection(SolutionConfigurationPlatforms) = preSolution
		Debug|Any CPU = Debug|Any CPU
		Release|Any CPU = Release|Any CPU
	EndGlobalSection
	GlobalSection(ProjectConfigurationPlatforms) = postSolution
		{8D1B8312-A911-4793-84FA-2545A0C45D54}.Debug|Any CPU.ActiveCfg = Debug|Any CPU
		{8D1B8312-A911-4793-84FA-2545A0C45D54}.Debug|Any CPU.Build.0 = Debug|Any CPU
		{8D1B8312-A911-4793-84FA-2545A0C45D54}.Release|Any CPU.ActiveCfg = Debug|Any CPU
		{8D1B8312-A911-4793-84FA-2545A0C45D54}.Release|Any CPU.Build.0 = Debug|Any CPU
		{2768454E-D1C0-4B1D-A103-C7117A5D24F4}.Debug|Any CPU.ActiveCfg = Debug|Any CPU
		{2768454E-D1C0-4B1D-A103-C7117A5D24F4}.Debug|Any CPU.Build.0 = Debug|Any CPU
		{2768454E-D1C0-4B1D-A103-C7117A5D24F4}.Release|Any CPU.ActiveCfg = Release|Any CPU
		{2768454E-D1C0-4B1D-A103-C7117A5D24F4}.Release|Any CPU.Build.0 = Release|Any CPU
		{C7C41D25-3F25-44BA-8FD4-0B7F113BBD96}.Debug|Any CPU.ActiveCfg = Debug|Any CPU
		{C7C41D25-3F25-44BA-8FD4-0B7F113BBD96}.Debug|Any CPU.Build.0 = Debug|Any CPU
		{C7C41D25-3F25-44BA-8FD4-0B7F113BBD96}.Release|Any CPU.ActiveCfg = Release|Any CPU
		{C7C41D25-3F25-44BA-8FD4-0B7F113BBD96}.Release|Any CPU.Build.0 = Release|Any CPU
	EndGlobalSection
	GlobalSection(SolutionProperties) = preSolution
		HideSolutionNode = FALSE
	EndGlobalSection
	GlobalSection(ExtensibilityGlobals) = postSolution
		SolutionGuid = {74644A06-B8AB-44C2-9B56-81A6B37AE307}
	EndGlobalSection
EndGlobal
